
Microsoft Visual Studio Solution File, Format Version 12.00
# Visual Studio Version 16
VisualStudioVersion = 16.0.31727.386
MinimumVisualStudioVersion = 10.0.40219.1
Project("{8BC9CEB8-8B4A-11D0-8D11-00A0C91BC942}") = "ConsoleApplication1", "ConsoleApplication1\ConsoleApplication1.vcxproj", "{2C047DE8-3F07-48DD-A5A6-06E3265E3911}"
EndProject
Global
	GlobalSection(SolutionConfigurationPlatforms) = preSolution
		Debug|x64 = Debug|x64
		Debug|x86 = Debug|x86
		Release|x64 = Release|x64
		Release|x86 = Release|x86
	EndGlobalSection
	GlobalSection(ProjectConfigurationPlatforms) = postSolution
		{2C047DE8-3F07-48DD-A5A6-06E3265E3911}.Debug|x64.ActiveCfg = Debug|x64
		{2C047DE8-3F07-48DD-A5A6-06E3265E3911}.Debug|x64.Build.0 = Debug|x64
		{2C047DE8-3F07-48DD-A5A6-06E3265E3911}.Debug|x86.ActiveCfg = Debug|Win32
		{2C047DE8-3F07-48DD-A5A6-06E3265E3911}.Debug|x86.Build.0 = Debug|Win32
		{2C047DE8-3F07-48DD-A5A6-06E3265E3911}.Release|x64.ActiveCfg = Release|x64
		{2C047DE8-3F07-48DD-A5A6-06E3265E3911}.Release|x64.Build.0 = Release|x64
		{2C047DE8-3F07-48DD-A5A6-06E3265E3911}.Release|x86.ActiveCfg = Release|Win32
		{2C047DE8-3F07-48DD-A5A6-06E3265E3911}.Release|x86.Build.0 = Release|Win32
	EndGlobalSection
	GlobalSection(SolutionProperties) = preSolution
		HideSolutionNode = FALSE
	EndGlobalSection
	GlobalSection(ExtensibilityGlobals) = postSolution
		SolutionGuid = {820F5166-2467-4DF9-AA99-68A1A13FBF40}
	EndGlobalSection
EndGlobal
